
Microsoft Visual Studio Solution File, Format Version 12.00
# Visual Studio Version 17
VisualStudioVersion = 17.1.32421.90
MinimumVisualStudioVersion = 10.0.40219.1
Project("{FAE04EC0-301F-11D3-BF4B-00C04F79EFBC}") = "Summator", "Summator\Summator.csproj", "{92F92634-2A45-4D20-BAA2-7D7069BD41A2}"
EndProject
Project("{FAE04EC0-301F-11D3-BF4B-00C04F79EFBC}") = "Summator.Test", "Summator.Test\Summator.Test.csproj", "{9AFB9076-3B6F-40AC-8425-FE3BF09B46AD}"
EndProject
Global
	GlobalSection(SolutionConfigurationPlatforms) = preSolution
		Debug|Any CPU = Debug|Any CPU
		Release|Any CPU = Release|Any CPU
	EndGlobalSection
	GlobalSection(ProjectConfigurationPlatforms) = postSolution
		{92F92634-2A45-4D20-BAA2-7D7069BD41A2}.Debug|Any CPU.ActiveCfg = Debug|Any CPU
		{92F92634-2A45-4D20-BAA2-7D7069BD41A2}.Debug|Any CPU.Build.0 = Debug|Any CPU
		{92F92634-2A45-4D20-BAA2-7D7069BD41A2}.Release|Any CPU.ActiveCfg = Release|Any CPU
		{92F92634-2A45-4D20-BAA2-7D7069BD41A2}.Release|Any CPU.Build.0 = Release|Any CPU
		{9AFB9076-3B6F-40AC-8425-FE3BF09B46AD}.Debug|Any CPU.ActiveCfg = Debug|Any CPU
		{9AFB9076-3B6F-40AC-8425-FE3BF09B46AD}.Debug|Any CPU.Build.0 = Debug|Any CPU
		{9AFB9076-3B6F-40AC-8425-FE3BF09B46AD}.Release|Any CPU.ActiveCfg = Release|Any CPU
		{9AFB9076-3B6F-40AC-8425-FE3BF09B46AD}.Release|Any CPU.Build.0 = Release|Any CPU
	EndGlobalSection
	GlobalSection(SolutionProperties) = preSolution
		HideSolutionNode = FALSE
	EndGlobalSection
	GlobalSection(ExtensibilityGlobals) = postSolution
		SolutionGuid = {C9E41ADF-06AA-4970-9FC6-2216EF6D25F7}
	EndGlobalSection
EndGlobal
